# This file is automatically @generated by Cargo.
# It is not intended for manual editing.
version = 3

[[package]]
name = "ansi-escapes"
version = "0.1.1"
source = "registry+https://github.com/rust-lang/crates.io-index"
checksum = "7e3c0daaaae24df5995734b689627f8fa02101bc5bbc768be3055b66a010d7af"

[[package]]
name = "ascii_3d"
version = "0.1.0"
dependencies = [
 "ansi-escapes",
]
